PODS:
  - Flutter (1.0.0)
  - flutter_background_service_ios (0.0.3):
    - Flutter
  - flutter_keyboard_visibility (0.0.1):
    - Flutter
  - flutter_local_notifications (0.0.1):
    - Flutter
  - flutter_localization (0.0.1):
    - Flutter
  - flutter_webrtc (1.2.0):
    - Flutter
    - WebRTC-SDK (= 137.7151.04)
  - geolocator_apple (1.2.0):
    - Flutter
    - FlutterMacOS
  - Google-Mobile-Ads-SDK (12.2.0):
    - GoogleUserMessagingPlatform (>= 1.1)
  - google_mobile_ads (6.0.0):
    - Flutter
    - Google-Mobile-Ads-SDK (~> 12.2.0)
    - webview_flutter_wkwebview
  - GoogleUserMessagingPlatform (3.1.0)
  - package_info_plus (0.4.5):
    - Flutter
  - path_provider_foundation (0.0.1):
    - Flutter
    - FlutterMacOS
  - permission_handler_apple (9.3.0):
    - Flutter
  - pointer_interceptor_ios (0.0.1):
    - Flutter
  - shared_preferences_foundation (0.0.1):
    - Flutter
    - FlutterMacOS
  - sqflite_darwin (0.0.4):
    - Flutter
    - FlutterMacOS
  - url_launcher_ios (0.0.1):
    - Flutter
  - wakelock_plus (0.0.1):
    - Flutter
  - WebRTC-SDK (137.7151.04)
  - webview_flutter_wkwebview (0.0.1):
    - Flutter
    - FlutterMacOS

DEPENDENCIES:
  - Flutter (from `Flutter`)
  - flutter_background_service_ios (from `.symlinks/plugins/flutter_background_service_ios/ios`)
  - flutter_keyboard_visibility (from `.symlinks/plugins/flutter_keyboard_visibility/ios`)
  - flutter_local_notifications (from `.symlinks/plugins/flutter_local_notifications/ios`)
  - flutter_localization (from `.symlinks/plugins/flutter_localization/ios`)
  - flutter_webrtc (from `.symlinks/plugins/flutter_webrtc/ios`)
  - geolocator_apple (from `.symlinks/plugins/geolocator_apple/darwin`)
  - google_mobile_ads (from `.symlinks/plugins/google_mobile_ads/ios`)
  - package_info_plus (from `.symlinks/plugins/package_info_plus/ios`)
  - path_provider_foundation (from `.symlinks/plugins/path_provider_foundation/darwin`)
  - permission_handler_apple (from `.symlinks/plugins/permission_handler_apple/ios`)
  - pointer_interceptor_ios (from `.symlinks/plugins/pointer_interceptor_ios/ios`)
  - shared_preferences_foundation (from `.symlinks/plugins/shared_preferences_foundation/darwin`)
  - sqflite_darwin (from `.symlinks/plugins/sqflite_darwin/darwin`)
  - url_launcher_ios (from `.symlinks/plugins/url_launcher_ios/ios`)
  - wakelock_plus (from `.symlinks/plugins/wakelock_plus/ios`)
  - webview_flutter_wkwebview (from `.symlinks/plugins/webview_flutter_wkwebview/darwin`)

SPEC REPOS:
  trunk:
    - Google-Mobile-Ads-SDK
    - GoogleUserMessagingPlatform
    - WebRTC-SDK

EXTERNAL SOURCES:
  Flutter:
    :path: Flutter
  flutter_background_service_ios:
    :path: ".symlinks/plugins/flutter_background_service_ios/ios"
  flutter_keyboard_visibility:
    :path: ".symlinks/plugins/flutter_keyboard_visibility/ios"
  flutter_local_notifications:
    :path: ".symlinks/plugins/flutter_local_notifications/ios"
  flutter_localization:
    :path: ".symlinks/plugins/flutter_localization/ios"
  flutter_webrtc:
    :path: ".symlinks/plugins/flutter_webrtc/ios"
  geolocator_apple:
    :path: ".symlinks/plugins/geolocator_apple/darwin"
  google_mobile_ads:
    :path: ".symlinks/plugins/google_mobile_ads/ios"
  package_info_plus:
    :path: ".symlinks/plugins/package_info_plus/ios"
  path_provider_foundation:
    :path: ".symlinks/plugins/path_provider_foundation/darwin"
  permission_handler_apple:
    :path: ".symlinks/plugins/permission_handler_apple/ios"
  pointer_interceptor_ios:
    :path: ".symlinks/plugins/pointer_interceptor_ios/ios"
  shared_preferences_foundation:
    :path: ".symlinks/plugins/shared_preferences_foundation/darwin"
  sqflite_darwin:
    :path: ".symlinks/plugins/sqflite_darwin/darwin"
  url_launcher_ios:
    :path: ".symlinks/plugins/url_launcher_ios/ios"
  wakelock_plus:
    :path: ".symlinks/plugins/wakelock_plus/ios"
  webview_flutter_wkwebview:
    :path: ".symlinks/plugins/webview_flutter_wkwebview/darwin"

SPEC CHECKSUMS:
  Flutter: cabc95a1d2626b1b06e7179b784ebcf0c0cde467
  flutter_background_service_ios: 00d31bdff7b4bfe06d32375df358abe0329cf87e
  flutter_keyboard_visibility: 4625131e43015dbbe759d9b20daaf77e0e3f6619
  flutter_local_notifications: a5a732f069baa862e728d839dd2ebb904737effb
  flutter_localization: 72299fb6cb4e51cae587bd953ed0b958040b71e6
  flutter_webrtc: c3e21fc0dcd9d8eb246ae4d5256fcbeb2f5ecd22
  geolocator_apple: ab36aa0e8b7d7a2d7639b3b4e48308394e8cef5e
  Google-Mobile-Ads-SDK: 1dfb0c3cb46c7e2b00b0f4de74a1e06d9ea25d67
  google_mobile_ads: 535223588a6791b7a3cc3513a1bc7b89d12f3e62
  GoogleUserMessagingPlatform: befe603da6501006420c206222acd449bba45a9c
  package_info_plus: af8e2ca6888548050f16fa2f1938db7b5a5df499
  path_provider_foundation: bb55f6dbba17d0dccd6737fe6f7f34fbd0376880
  permission_handler_apple: 4ed2196e43d0651e8ff7ca3483a069d469701f2d
  pointer_interceptor_ios: da06a662d5bfd329602b45b2ab41bc0fb5fdb0f0
  shared_preferences_foundation: 7036424c3d8ec98dfe75ff1667cb0cd531ec82bb
  sqflite_darwin: 20b2a3a3b70e43edae938624ce550a3cbf66a3d0
  url_launcher_ios: 7a95fa5b60cc718a708b8f2966718e93db0cef1b
  wakelock_plus: e29112ab3ef0b318e58cfa5c32326458be66b556
  WebRTC-SDK: 40d4f5ba05cadff14e4db5614aec402a633f007e
  webview_flutter_wkwebview: 8ebf4fded22593026f7dbff1fbff31ea98573c8d

PODFILE CHECKSUM: 0e413b03579515636269ced3ab1fdf8c1bbdcb2a

COCOAPODS: 1.16.2
